// !$*UTF8*$!
{
	archiveVersion = 1;
	classes = {
	};
	objectVersion = 56;
	objects = {

/* Begin PBXBuildFile section */
		532D4CB92A2F9C5C00FE3234 /* URLImageView.swift in Sources */ = {isa = PBXBuildFile; fileRef = 532D4CB82A2F9C5C00FE3234 /* URLImageView.swift */; };
		532D4CBB2A2FACE300FE3234 /* RecipeModel.swift in Sources */ = {isa = PBXBuildFile; fileRef = 532D4CBA2A2FACE300FE3234 /* RecipeModel.swift */; };
		532D4CBD2A2FC69500FE3234 /* RecipeViewModel.swift in Sources */ = {isa = PBXBuildFile; fileRef = 532D4CBC2A2FC69500FE3234 /* RecipeViewModel.swift */; };
		532D4CBF2A2FD12100FE3234 /* RecipeView.swift in Sources */ = {isa = PBXBuildFile; fileRef = 532D4CBE2A2FD12100FE3234 /* RecipeView.swift */; };
		532D4CC22A31182400FE3234 /* JSONMapperTest.swift in Sources */ = {isa = PBXBuildFile; fileRef = 532D4CC12A31182400FE3234 /* JSONMapperTest.swift */; };
		53F533AE2A2E8731001C1AA4 /* ContentView.swift in Sources */ = {isa = PBXBuildFile; fileRef = 53F533AD2A2E8731001C1AA4 /* ContentView.swift */; };
		53F533B02A2EA8E9001C1AA4 /* MealModel.swift in Sources */ = {isa = PBXBuildFile; fileRef = 53F533AF2A2EA8E9001C1AA4 /* MealModel.swift */; };
		53F533B22A2EBE43001C1AA4 /* MealViewModel.swift in Sources */ = {isa = PBXBuildFile; fileRef = 53F533B12A2EBE43001C1AA4 /* MealViewModel.swift */; };
		53FF81C22A2E4E3D0009D7FB /* FetchCodingChallengeApp.swift in Sources */ = {isa = PBXBuildFile; fileRef = 53FF81C12A2E4E3D0009D7FB /* FetchCodingChallengeApp.swift */; };
		53FF81C62A2E4E3F0009D7FB /* Assets.xcassets in Resources */ = {isa = PBXBuildFile; fileRef = 53FF81C52A2E4E3F0009D7FB /* Assets.xcassets */; };
		53FF81C92A2E4E3F0009D7FB /* Preview Assets.xcassets in Resources */ = {isa = PBXBuildFile; fileRef = 53FF81C82A2E4E3F0009D7FB /* Preview Assets.xcassets */; };
		53FF81D32A2E4E400009D7FB /* FetchCodingChallengeTests.swift in Sources */ = {isa = PBXBuildFile; fileRef = 53FF81D22A2E4E400009D7FB /* FetchCodingChallengeTests.swift */; };
		53FF81DD2A2E4E400009D7FB /* FetchCodingChallengeUITests.swift in Sources */ = {isa = PBXBuildFile; fileRef = 53FF81DC2A2E4E400009D7FB /* FetchCodingChallengeUITests.swift */; };
		53FF81DF2A2E4E400009D7FB /* FetchCodingChallengeUITestsLaunchTests.swift in Sources */ = {isa = PBXBuildFile; fileRef = 53FF81DE2A2E4E400009D7FB /* FetchCodingChallengeUITestsLaunchTests.swift */; };
/* End PBXBuildFile section */

/* Begin PBXContainerItemProxy section */
		53FF81CF2A2E4E400009D7FB /* PBXContainerItemProxy */ = {
			isa = PBXContainerItemProxy;
			containerPortal = 53FF81B62A2E4E3D0009D7FB /* Project object */;
			proxyType = 1;
			remoteGlobalIDString = 53FF81BD2A2E4E3D0009D7FB;
			remoteInfo = FetchCodingChallenge;
		};
		53FF81D92A2E4E400009D7FB /* PBXContainerItemProxy */ = {
			isa = PBXContainerItemProxy;
			containerPortal = 53FF81B62A2E4E3D0009D7FB /* Project object */;
			proxyType = 1;
			remoteGlobalIDString = 53FF81BD2A2E4E3D0009D7FB;
			remoteInfo = FetchCodingChallenge;
		};
/* End PBXContainerItemProxy section */

/* Begin PBXFileReference section */
		532D4CB82A2F9C5C00FE3234 /* URLImageView.swift */ = {isa = PBXFileReference; lastKnownFileType = sourcecode.swift; path = URLImageView.swift; sourceTree = "<group>"; };
		532D4CBA2A2FACE300FE3234 /* RecipeModel.swift */ = {isa = PBXFileReference; lastKnownFileType = sourcecode.swift; path = RecipeModel.swift; sourceTree = "<group>"; };
		532D4CBC2A2FC69500FE3234 /* RecipeViewModel.swift */ = {isa = PBXFileReference; lastKnownFileType = sourcecode.swift; path = RecipeViewModel.swift; sourceTree = "<group>"; };
		532D4CBE2A2FD12100FE3234 /* RecipeView.swift */ = {isa = PBXFileReference; lastKnownFileType = sourcecode.swift; path = RecipeView.swift; sourceTree = "<group>"; };
		532D4CC12A31182400FE3234 /* JSONMapperTest.swift */ = {isa = PBXFileReference; lastKnownFileType = sourcecode.swift; path = JSONMapperTest.swift; sourceTree = "<group>"; };
		53F533AD2A2E8731001C1AA4 /* ContentView.swift */ = {isa = PBXFileReference; fileEncoding = 4; lastKnownFileType = sourcecode.swift; path = ContentView.swift; sourceTree = "<group>"; };
		53F533AF2A2EA8E9001C1AA4 /* MealModel.swift */ = {isa = PBXFileReference; lastKnownFileType = sourcecode.swift; path = MealModel.swift; sourceTree = "<group>"; };
		53F533B12A2EBE43001C1AA4 /* MealViewModel.swift */ = {isa = PBXFileReference; lastKnownFileType = sourcecode.swift; path = MealViewModel.swift; sourceTree = "<group>"; };
		53FF81BE2A2E4E3D0009D7FB /* FetchCodingChallenge.app */ = {isa = PBXFileReference; explicitFileType = wrapper.application; includeInIndex = 0; path = FetchCodingChallenge.app; sourceTree = BUILT_PRODUCTS_DIR; };
		53FF81C12A2E4E3D0009D7FB /* FetchCodingChallengeApp.swift */ = {isa = PBXFileReference; lastKnownFileType = sourcecode.swift; path = FetchCodingChallengeApp.swift; sourceTree = "<group>"; };
		53FF81C52A2E4E3F0009D7FB /* Assets.xcassets */ = {isa = PBXFileReference; lastKnownFileType = folder.assetcatalog; path = Assets.xcassets; sourceTree = "<group>"; };
		53FF81C82A2E4E3F0009D7FB /* Preview Assets.xcassets */ = {isa = PBXFileReference; lastKnownFileType = folder.assetcatalog; path = "Preview Assets.xcassets"; sourceTree = "<group>"; };
		53FF81CE2A2E4E400009D7FB /* FetchCodingChallengeTests.xctest */ = {isa = PBXFileReference; explicitFileType = wrapper.cfbundle; includeInIndex = 0; path = FetchCodingChallengeTests.xctest; sourceTree = BUILT_PRODUCTS_DIR; };
		53FF81D22A2E4E400009D7FB /* FetchCodingChallengeTests.swift */ = {isa = PBXFileReference; lastKnownFileType = sourcecode.swift; path = FetchCodingChallengeTests.swift; sourceTree = "<group>"; };
		53FF81D82A2E4E400009D7FB /* FetchCodingChallengeUITests.xctest */ = {isa = PBXFileReference; explicitFileType = wrapper.cfbundle; includeInIndex = 0; path = FetchCodingChallengeUITests.xctest; sourceTree = BUILT_PRODUCTS_DIR; };
		53FF81DC2A2E4E400009D7FB /* FetchCodingChallengeUITests.swift */ = {isa = PBXFileReference; lastKnownFileType = sourcecode.swift; path = FetchCodingChallengeUITests.swift; sourceTree = "<group>"; };
		53FF81DE2A2E4E400009D7FB /* FetchCodingChallengeUITestsLaunchTests.swift */ = {isa = PBXFileReference; lastKnownFileType = sourcecode.swift; path = FetchCodingChallengeUITestsLaunchTests.swift; sourceTree = "<group>"; };
/* End PBXFileReference section */

/* Begin PBXFrameworksBuildPhase section */
		53FF81BB2A2E4E3D0009D7FB /* Frameworks */ = {
			isa = PBXFrameworksBuildPhase;
			buildActionMask = 2147483647;
			files = (
			);
			runOnlyForDeploymentPostprocessing = 0;
		};
		53FF81CB2A2E4E400009D7FB /* Frameworks */ = {
			isa = PBXFrameworksBuildPhase;
			buildActionMask = 2147483647;
			files = (
			);
			runOnlyForDeploymentPostprocessing = 0;
		};
		53FF81D52A2E4E400009D7FB /* Frameworks */ = {
			isa = PBXFrameworksBuildPhase;
			buildActionMask = 2147483647;
			files = (
			);
			runOnlyForDeploymentPostprocessing = 0;
		};
/* End PBXFrameworksBuildPhase section */

/* Begin PBXGroup section */
		532D4CC02A3117F900FE3234 /* Mapper */ = {
			isa = PBXGroup;
			children = (
				532D4CC12A31182400FE3234 /* JSONMapperTest.swift */,
			);
			path = Mapper;
			sourceTree = "<group>";
		};
		53FF81B52A2E4E3D0009D7FB = {
			isa = PBXGroup;
			children = (
				53FF81C02A2E4E3D0009D7FB /* FetchCodingChallenge */,
				53FF81D12A2E4E400009D7FB /* FetchCodingChallengeTests */,
				53FF81DB2A2E4E400009D7FB /* FetchCodingChallengeUITests */,
				53FF81BF2A2E4E3D0009D7FB /* Products */,
			);
			sourceTree = "<group>";
		};
		53FF81BF2A2E4E3D0009D7FB /* Products */ = {
			isa = PBXGroup;
			children = (
				53FF81BE2A2E4E3D0009D7FB /* FetchCodingChallenge.app */,
				53FF81CE2A2E4E400009D7FB /* FetchCodingChallengeTests.xctest */,
				53FF81D82A2E4E400009D7FB /* FetchCodingChallengeUITests.xctest */,
			);
			name = Products;
			sourceTree = "<group>";
		};
		53FF81C02A2E4E3D0009D7FB /* FetchCodingChallenge */ = {
			isa = PBXGroup;
			children = (
				53FF81C12A2E4E3D0009D7FB /* FetchCodingChallengeApp.swift */,
				53F533AD2A2E8731001C1AA4 /* ContentView.swift */,
				53FF81C52A2E4E3F0009D7FB /* Assets.xcassets */,
				53FF81C72A2E4E3F0009D7FB /* Preview Content */,
				53F533AF2A2EA8E9001C1AA4 /* MealModel.swift */,
				53F533B12A2EBE43001C1AA4 /* MealViewModel.swift */,
				532D4CB82A2F9C5C00FE3234 /* URLImageView.swift */,
				532D4CBA2A2FACE300FE3234 /* RecipeModel.swift */,
				532D4CBC2A2FC69500FE3234 /* RecipeViewModel.swift */,
				532D4CBE2A2FD12100FE3234 /* RecipeView.swift */,
			);
			path = FetchCodingChallenge;
			sourceTree = "<group>";
		};
		53FF81C72A2E4E3F0009D7FB /* Preview Content */ = {
			isa = PBXGroup;
			children = (
				53FF81C82A2E4E3F0009D7FB /* Preview Assets.xcassets */,
			);
			path = "Preview Content";
			sourceTree = "<group>";
		};
		53FF81D12A2E4E400009D7FB /* FetchCodingChallengeTests */ = {
			isa = PBXGroup;
			children = (
				532D4CC02A3117F900FE3234 /* Mapper */,
				53FF81D22A2E4E400009D7FB /* FetchCodingChallengeTests.swift */,
			);
			path = FetchCodingChallengeTests;
			sourceTree = "<group>";
		};
		53FF81DB2A2E4E400009D7FB /* FetchCodingChallengeUITests */ = {
			isa = PBXGroup;
			children = (
				53FF81DC2A2E4E400009D7FB /* FetchCodingChallengeUITests.swift */,
				53FF81DE2A2E4E400009D7FB /* FetchCodingChallengeUITestsLaunchTests.swift */,
			);
			path = FetchCodingChallengeUITests;
			sourceTree = "<group>";
		};
/* End PBXGroup section */

/* Begin PBXNativeTarget section */
		53FF81BD2A2E4E3D0009D7FB /* FetchCodingChallenge */ = {
			isa = PBXNativeTarget;
			buildConfigurationList = 53FF81E22A2E4E400009D7FB /* Build configuration list for PBXNativeTarget "FetchCodingChallenge" */;
			buildPhases = (
				53FF81BA2A2E4E3D0009D7FB /* Sources */,
				53FF81BB2A2E4E3D0009D7FB /* Frameworks */,
				53FF81BC2A2E4E3D0009D7FB /* Resources */,
			);
			buildRules = (
			);
			dependencies = (
			);
			name = FetchCodingChallenge;
			productName = FetchCodingChallenge;
			productReference = 53FF81BE2A2E4E3D0009D7FB /* FetchCodingChallenge.app */;
			productType = "com.apple.product-type.application";
		};
		53FF81CD2A2E4E400009D7FB /* FetchCodingChallengeTests */ = {
			isa = PBXNativeTarget;
			buildConfigurationList = 53FF81E52A2E4E400009D7FB /* Build configuration list for PBXNativeTarget "FetchCodingChallengeTests" */;
			buildPhases = (
				53FF81CA2A2E4E400009D7FB /* Sources */,
				53FF81CB2A2E4E400009D7FB /* Frameworks */,
				53FF81CC2A2E4E400009D7FB /* Resources */,
			);
			buildRules = (
			);
			dependencies = (
				53FF81D02A2E4E400009D7FB /* PBXTargetDependency */,
			);
			name = FetchCodingChallengeTests;
			productName = FetchCodingChallengeTests;
			productReference = 53FF81CE2A2E4E400009D7FB /* FetchCodingChallengeTests.xctest */;
			productType = "com.apple.product-type.bundle.unit-test";
		};
		53FF81D72A2E4E400009D7FB /* FetchCodingChallengeUITests */ = {
			isa = PBXNativeTarget;
			buildConfigurationList = 53FF81E82A2E4E400009D7FB /* Build configuration list for PBXNativeTarget "FetchCodingChallengeUITests" */;
			buildPhases = (
				53FF81D42A2E4E400009D7FB /* Sources */,
				53FF81D52A2E4E400009D7FB /* Frameworks */,
				53FF81D62A2E4E400009D7FB /* Resources */,
			);
			buildRules = (
			);
			dependencies = (
				53FF81DA2A2E4E400009D7FB /* PBXTargetDependency */,
			);
			name = FetchCodingChallengeUITests;
			productName = FetchCodingChallengeUITests;
			productReference = 53FF81D82A2E4E400009D7FB /* FetchCodingChallengeUITests.xctest */;
			productType = "com.apple.product-type.bundle.ui-testing";
		};
/* End PBXNativeTarget section */

/* Begin PBXProject section */
		53FF81B62A2E4E3D0009D7FB /* Project object */ = {
			isa = PBXProject;
			attributes = {
				BuildIndependentTargetsInParallel = 1;
				LastSwiftUpdateCheck = 1420;
				LastUpgradeCheck = 1420;
				TargetAttributes = {
					53FF81BD2A2E4E3D0009D7FB = {
						CreatedOnToolsVersion = 14.2;
					};
					53FF81CD2A2E4E400009D7FB = {
						CreatedOnToolsVersion = 14.2;
						TestTargetID = 53FF81BD2A2E4E3D0009D7FB;
					};
					53FF81D72A2E4E400009D7FB = {
						CreatedOnToolsVersion = 14.2;
						TestTargetID = 53FF81BD2A2E4E3D0009D7FB;
					};
				};
			};
			buildConfigurationList = 53FF81B92A2E4E3D0009D7FB /* Build configuration list for PBXProject "FetchCodingChallenge" */;
			compatibilityVersion = "Xcode 14.0";
			developmentRegion = en;
			hasScannedForEncodings = 0;
			knownRegions = (
				en,
				Base,
			);
			mainGroup = 53FF81B52A2E4E3D0009D7FB;
			productRefGroup = 53FF81BF2A2E4E3D0009D7FB /* Products */;
			projectDirPath = "";
			projectRoot = "";
			targets = (
				53FF81BD2A2E4E3D0009D7FB /* FetchCodingChallenge */,
				53FF81CD2A2E4E400009D7FB /* FetchCodingChallengeTests */,
				53FF81D72A2E4E400009D7FB /* FetchCodingChallengeUITests */,
			);
		};
/* End PBXProject section */

/* Begin PBXResourcesBuildPhase section */
		53FF81BC2A2E4E3D0009D7FB /* Resources */ = {
			isa = PBXResourcesBuildPhase;
			buildActionMask = 2147483647;
			files = (
				53FF81C92A2E4E3F0009D7FB /* Preview Assets.xcassets in Resources */,
				53FF81C62A2E4E3F0009D7FB /* Assets.xcassets in Resources */,
			);
			runOnlyForDeploymentPostprocessing = 0;
		};
		53FF81CC2A2E4E400009D7FB /* Resources */ = {
			isa = PBXResourcesBuildPhase;
			buildActionMask = 2147483647;
			files = (
			);
			runOnlyForDeploymentPostprocessing = 0;
		};
		53FF81D62A2E4E400009D7FB /* Resources */ = {
			isa = PBXResourcesBuildPhase;
			buildActionMask = 2147483647;
			files = (
			);
			runOnlyForDeploymentPostprocessing = 0;
		};
/* End PBXResourcesBuildPhase section */

/* Begin PBXSourcesBuildPhase section */
		53FF81BA2A2E4E3D0009D7FB /* Sources */ = {
			isa = PBXSourcesBuildPhase;
			buildActionMask = 2147483647;
			files = (
				53F533AE2A2E8731001C1AA4 /* ContentView.swift in Sources */,
				53F533B22A2EBE43001C1AA4 /* MealViewModel.swift in Sources */,
				53F533B02A2EA8E9001C1AA4 /* MealModel.swift in Sources */,
				532D4CBD2A2FC69500FE3234 /* RecipeViewModel.swift in Sources */,
				532D4CB92A2F9C5C00FE3234 /* URLImageView.swift in Sources */,
				53FF81C22A2E4E3D0009D7FB /* FetchCodingChallengeApp.swift in Sources */,
				532D4CBF2A2FD12100FE3234 /* RecipeView.swift in Sources */,
				532D4CBB2A2FACE300FE3234 /* RecipeModel.swift in Sources */,
			);
			runOnlyForDeploymentPostprocessing = 0;
		};
		53FF81CA2A2E4E400009D7FB /* Sources */ = {
			isa = PBXSourcesBuildPhase;
			buildActionMask = 2147483647;
			files = (
				532D4CC22A31182400FE3234 /* JSONMapperTest.swift in Sources */,
				53FF81D32A2E4E400009D7FB /* FetchCodingChallengeTests.swift in Sources */,
			);
			runOnlyForDeploymentPostprocessing = 0;
		};
		53FF81D42A2E4E400009D7FB /* Sources */ = {
			isa = PBXSourcesBuildPhase;
			buildActionMask = 2147483647;
			files = (
				53FF81DD2A2E4E400009D7FB /* FetchCodingChallengeUITests.swift in Sources */,
				53FF81DF2A2E4E400009D7FB /* FetchCodingChallengeUITestsLaunchTests.swift in Sources */,
			);
			runOnlyForDeploymentPostprocessing = 0;
		};
/* End PBXSourcesBuildPhase section */

/* Begin PBXTargetDependency section */
		53FF81D02A2E4E400009D7FB /* PBXTargetDependency */ = {
			isa = PBXTargetDependency;
			target = 53FF81BD2A2E4E3D0009D7FB /* FetchCodingChallenge */;
			targetProxy = 53FF81CF2A2E4E400009D7FB /* PBXContainerItemProxy */;
		};
		53FF81DA2A2E4E400009D7FB /* PBXTargetDependency */ = {
			isa = PBXTargetDependency;
			target = 53FF81BD2A2E4E3D0009D7FB /* FetchCodingChallenge */;
			targetProxy = 53FF81D92A2E4E400009D7FB /* PBXContainerItemProxy */;
		};
/* End PBXTargetDependency section */

/* Begin XCBuildConfiguration section */
		53FF81E02A2E4E400009D7FB /* Debug */ = {
			isa = XCBuildConfiguration;
			buildSettings = {
				ALWAYS_SEARCH_USER_PATHS = NO;
				CLANG_ANALYZER_NONNULL = YES;
				CLANG_ANALYZER_NUMBER_OBJECT_CONVERSION = YES_AGGRESSIVE;
				CLANG_CXX_LANGUAGE_STANDARD = "gnu++20";
				CLANG_ENABLE_MODULES = YES;
				CLANG_ENABLE_OBJC_ARC = YES;
				CLANG_ENABLE_OBJC_WEAK = YES;
				CLANG_WARN_BLOCK_CAPTURE_AUTORELEASING = YES;
				CLANG_WARN_BOOL_CONVERSION = YES;
				CLANG_WARN_COMMA = YES;
				CLANG_WARN_CONSTANT_CONVERSION = YES;
				CLANG_WARN_DEPRECATED_OBJC_IMPLEMENTATIONS = YES;
				CLANG_WARN_DIRECT_OBJC_ISA_USAGE = YES_ERROR;
				CLANG_WARN_DOCUMENTATION_COMMENTS = YES;
				CLANG_WARN_EMPTY_BODY = YES;
				CLANG_WARN_ENUM_CONVERSION = YES;
				CLANG_WARN_INFINITE_RECURSION = YES;
				CLANG_WARN_INT_CONVERSION = YES;
				CLANG_WARN_NON_LITERAL_NULL_CONVERSION = YES;
				CLANG_WARN_OBJC_IMPLICIT_RETAIN_SELF = YES;
				CLANG_WARN_OBJC_LITERAL_CONVERSION = YES;
				CLANG_WARN_OBJC_ROOT_CLASS = YES_ERROR;
				CLANG_WARN_QUOTED_INCLUDE_IN_FRAMEWORK_HEADER = YES;
				CLANG_WARN_RANGE_LOOP_ANALYSIS = YES;
				CLANG_WARN_STRICT_PROTOTYPES = YES;
				CLANG_WARN_SUSPICIOUS_MOVE = YES;
				CLANG_WARN_UNGUARDED_AVAILABILITY = YES_AGGRESSIVE;
				CLANG_WARN_UNREACHABLE_CODE = YES;
				CLANG_WARN__DUPLICATE_METHOD_MATCH = YES;
				COPY_PHASE_STRIP = NO;
				DEBUG_INFORMATION_FORMAT = dwarf;
				ENABLE_STRICT_OBJC_MSGSEND = YES;
				ENABLE_TESTABILITY = YES;
				GCC_C_LANGUAGE_STANDARD = gnu11;
				GCC_DYNAMIC_NO_PIC = NO;
				GCC_NO_COMMON_BLOCKS = YES;
				GCC_OPTIMIZATION_LEVEL = 0;
				GCC_PREPROCESSOR_DEFINITIONS = (
					"DEBUG=1",
					"$(inherited)",
				);
				GCC_WARN_64_TO_32_BIT_CONVERSION = YES;
				GCC_WARN_ABOUT_RETURN_TYPE = YES_ERROR;
				GCC_WARN_UNDECLARED_SELECTOR = YES;
				GCC_WARN_UNINITIALIZED_AUTOS = YES_AGGRESSIVE;
				GCC_WARN_UNUSED_FUNCTION = YES;
				GCC_WARN_UNUSED_VARIABLE = YES;
				IPHONEOS_DEPLOYMENT_TARGET = 16.2;
				MTL_ENABLE_DEBUG_INFO = INCLUDE_SOURCE;
				MTL_FAST_MATH = YES;
				ONLY_ACTIVE_ARCH = YES;
				SDKROOT = iphoneos;
				SWIFT_ACTIVE_COMPILATION_CONDITIONS = DEBUG;
				SWIFT_OPTIMIZATION_LEVEL = "-Onone";
			};
			name = Debug;
		};
		53FF81E12A2E4E400009D7FB /* Release */ = {
			isa = XCBuildConfiguration;
			buildSettings = {
				ALWAYS_SEARCH_USER_PATHS = NO;
				CLANG_ANALYZER_NONNULL = YES;
				CLANG_ANALYZER_NUMBER_OBJECT_CONVERSION = YES_AGGRESSIVE;
				CLANG_CXX_LANGUAGE_STANDARD = "gnu++20";
				CLANG_ENABLE_MODULES = YES;
				CLANG_ENABLE_OBJC_ARC = YES;
				CLANG_ENABLE_OBJC_WEAK = YES;
				CLANG_WARN_BLOCK_CAPTURE_AUTORELEASING = YES;
				CLANG_WARN_BOOL_CONVERSION = YES;
				CLANG_WARN_COMMA = YES;
				CLANG_WARN_CONSTANT_CONVERSION = YES;
				CLANG_WARN_DEPRECATED_OBJC_IMPLEMENTATIONS = YES;
				CLANG_WARN_DIRECT_OBJC_ISA_USAGE = YES_ERROR;
				CLANG_WARN_DOCUMENTATION_COMMENTS = YES;
				CLANG_WARN_EMPTY_BODY = YES;
				CLANG_WARN_ENUM_CONVERSION = YES;
				CLANG_WARN_INFINITE_RECURSION = YES;
				CLANG_WARN_INT_CONVERSION = YES;
				CLANG_WARN_NON_LITERAL_NULL_CONVERSION = YES;
				CLANG_WARN_OBJC_IMPLICIT_RETAIN_SELF = YES;
				CLANG_WARN_OBJC_LITERAL_CONVERSION = YES;
				CLANG_WARN_OBJC_ROOT_CLASS = YES_ERROR;
				CLANG_WARN_QUOTED_INCLUDE_IN_FRAMEWORK_HEADER = YES;
				CLANG_WARN_RANGE_LOOP_ANALYSIS = YES;
				CLANG_WARN_STRICT_PROTOTYPES = YES;
				CLANG_WARN_SUSPICIOUS_MOVE = YES;
				CLANG_WARN_UNGUARDED_AVAILABILITY = YES_AGGRESSIVE;
				CLANG_WARN_UNREACHABLE_CODE = YES;
				CLANG_WARN__DUPLICATE_METHOD_MATCH = YES;
				COPY_PHASE_STRIP = NO;
				DEBUG_INFORMATION_FORMAT = "dwarf-with-dsym";
				ENABLE_NS_ASSERTIONS = NO;
				ENABLE_STRICT_OBJC_MSGSEND = YES;
				GCC_C_LANGUAGE_STANDARD = gnu11;
				GCC_NO_COMMON_BLOCKS = YES;
				GCC_WARN_64_TO_32_BIT_CONVERSION = YES;
				GCC_WARN_ABOUT_RETURN_TYPE = YES_ERROR;
				GCC_WARN_UNDECLARED_SELECTOR = YES;
				GCC_WARN_UNINITIALIZED_AUTOS = YES_AGGRESSIVE;
				GCC_WARN_UNUSED_FUNCTION = YES;
				GCC_WARN_UNUSED_VARIABLE = YES;
				IPHONEOS_DEPLOYMENT_TARGET = 16.2;
				MTL_ENABLE_DEBUG_INFO = NO;
				MTL_FAST_MATH = YES;
				SDKROOT = iphoneos;
				SWIFT_COMPILATION_MODE = wholemodule;
				SWIFT_OPTIMIZATION_LEVEL = "-O";
				VALIDATE_PRODUCT = YES;
			};
			name = Release;
		};
		53FF81E32A2E4E400009D7FB /* Debug */ = {
			isa = XCBuildConfiguration;
			buildSettings = {
				ASSETCATALOG_COMPILER_APPICON_NAME = AppIcon;
				ASSETCATALOG_COMPILER_GLOBAL_ACCENT_COLOR_NAME = AccentColor;
				CODE_SIGN_STYLE = Automatic;
				CURRENT_PROJECT_VERSION = 1;
				DEVELOPMENT_ASSET_PATHS = "\"FetchCodingChallenge/Preview Content\"";
				ENABLE_PREVIEWS = YES;
				GENERATE_INFOPLIST_FILE = YES;
				INFOPLIST_KEY_UIApplicationSceneManifest_Generation = YES;
				INFOPLIST_KEY_UIApplicationSupportsIndirectInputEvents = YES;
				INFOPLIST_KEY_UILaunchScreen_Generation = YES;
				INFOPLIST_KEY_UISupportedInterfaceOrientations_iPad = "UIInterfaceOrientationPortrait UIInterfaceOrientationPortraitUpsideDown UIInterfaceOrientationLandscapeLeft UIInterfaceOrientationLandscapeRight";
				INFOPLIST_KEY_UISupportedInterfaceOrientations_iPhone = "UIInterfaceOrientationPortrait UIInterfaceOrientationLandscapeLeft UIInterfaceOrientationLandscapeRight";
				IPHONEOS_DEPLOYMENT_TARGET = 15.0;
				LD_RUNPATH_SEARCH_PATHS = (
					"$(inherited)",
					"@executable_path/Frameworks",
				);
				MARKETING_VERSION = 1.0;
				PRODUCT_BUNDLE_IDENTIFIER = graceyang.FetchCodingChallenge;
				PRODUCT_NAME = "$(TARGET_NAME)";
				SWIFT_EMIT_LOC_STRINGS = YES;
				SWIFT_VERSION = 5.0;
				TARGETED_DEVICE_FAMILY = "1,2";
			};
			name = Debug;
		};
		53FF81E42A2E4E400009D7FB /* Release */ = {
			isa = XCBuildConfiguration;
			buildSettings = {
				ASSETCATALOG_COMPILER_APPICON_NAME = AppIcon;
				ASSETCATALOG_COMPILER_GLOBAL_ACCENT_COLOR_NAME = AccentColor;
				CODE_SIGN_STYLE = Automatic;
				CURRENT_PROJECT_VERSION = 1;
				DEVELOPMENT_ASSET_PATHS = "\"FetchCodingChallenge/Preview Content\"";
				ENABLE_PREVIEWS = YES;
				GENERATE_INFOPLIST_FILE = YES;
				INFOPLIST_KEY_UIApplicationSceneManifest_Generation = YES;
				INFOPLIST_KEY_UIApplicationSupportsIndirectInputEvents = YES;
				INFOPLIST_KEY_UILaunchScreen_Generation = YES;
				INFOPLIST_KEY_UISupportedInterfaceOrientations_iPad = "UIInterfaceOrientationPortrait UIInterfaceOrientationPortraitUpsideDown UIInterfaceOrientationLandscapeLeft UIInterfaceOrientationLandscapeRight";
				INFOPLIST_KEY_UISupportedInterfaceOrientations_iPhone = "UIInterfaceOrientationPortrait UIInterfaceOrientationLandscapeLeft UIInterfaceOrientationLandscapeRight";
				IPHONEOS_DEPLOYMENT_TARGET = 15.0;
				LD_RUNPATH_SEARCH_PATHS = (
					"$(inherited)",
					"@executable_path/Frameworks",
				);
				MARKETING_VERSION = 1.0;
				PRODUCT_BUNDLE_IDENTIFIER = graceyang.FetchCodingChallenge;
				PRODUCT_NAME = "$(TARGET_NAME)";
				SWIFT_EMIT_LOC_STRINGS = YES;
				SWIFT_VERSION = 5.0;
				TARGETED_DEVICE_FAMILY = "1,2";
			};
			name = Release;
		};
		53FF81E62A2E4E400009D7FB /* Debug */ = {
			isa = XCBuildConfiguration;
			buildSettings = {
				ALWAYS_EMBED_SWIFT_STANDARD_LIBRARIES = YES;
				BUNDLE_LOADER = "$(TEST_HOST)";
				CODE_SIGN_STYLE = Automatic;
				CURRENT_PROJECT_VERSION = 1;
				GENERATE_INFOPLIST_FILE = YES;
				IPHONEOS_DEPLOYMENT_TARGET = 16.2;
				MARKETING_VERSION = 1.0;
				PRODUCT_BUNDLE_IDENTIFIER = graceyang.FetchCodingChallengeTests;
				PRODUCT_NAME = "$(TARGET_NAME)";
				SWIFT_EMIT_LOC_STRINGS = NO;
				SWIFT_VERSION = 5.0;
				TARGETED_DEVICE_FAMILY = "1,2";
				TEST_HOST = "$(BUILT_PRODUCTS_DIR)/FetchCodingChallenge.app/$(BUNDLE_EXECUTABLE_FOLDER_PATH)/FetchCodingChallenge";
			};
			name = Debug;
		};
		53FF81E72A2E4E400009D7FB /* Release */ = {
			isa = XCBuildConfiguration;
			buildSettings = {
				ALWAYS_EMBED_SWIFT_STANDARD_LIBRARIES = YES;
				BUNDLE_LOADER = "$(TEST_HOST)";
				CODE_SIGN_STYLE = Automatic;
				CURRENT_PROJECT_VERSION = 1;
				GENERATE_INFOPLIST_FILE = YES;
				IPHONEOS_DEPLOYMENT_TARGET = 16.2;
				MARKETING_VERSION = 1.0;
				PRODUCT_BUNDLE_IDENTIFIER = graceyang.FetchCodingChallengeTests;
				PRODUCT_NAME = "$(TARGET_NAME)";
				SWIFT_EMIT_LOC_STRINGS = NO;
				SWIFT_VERSION = 5.0;
				TARGETED_DEVICE_FAMILY = "1,2";
				TEST_HOST = "$(BUILT_PRODUCTS_DIR)/FetchCodingChallenge.app/$(BUNDLE_EXECUTABLE_FOLDER_PATH)/FetchCodingChallenge";
			};
			name = Release;
		};
		53FF81E92A2E4E400009D7FB /* Debug */ = {
			isa = XCBuildConfiguration;
			buildSettings = {
				ALWAYS_EMBED_SWIFT_STANDARD_LIBRARIES = YES;
				CODE_SIGN_STYLE = Automatic;
				CURRENT_PROJECT_VERSION = 1;
				GENERATE_INFOPLIST_FILE = YES;
				MARKETING_VERSION = 1.0;
				PRODUCT_BUNDLE_IDENTIFIER = graceyang.FetchCodingChallengeUITests;
				PRODUCT_NAME = "$(TARGET_NAME)";
				SWIFT_EMIT_LOC_STRINGS = NO;
				SWIFT_VERSION = 5.0;
				TARGETED_DEVICE_FAMILY = "1,2";
				TEST_TARGET_NAME = FetchCodingChallenge;
			};
			name = Debug;
		};
		53FF81EA2A2E4E400009D7FB /* Release */ = {
			isa = XCBuildConfiguration;
			buildSettings = {
				ALWAYS_EMBED_SWIFT_STANDARD_LIBRARIES = YES;
				CODE_SIGN_STYLE = Automatic;
				CURRENT_PROJECT_VERSION = 1;
				GENERATE_INFOPLIST_FILE = YES;
				MARKETING_VERSION = 1.0;
				PRODUCT_BUNDLE_IDENTIFIER = graceyang.FetchCodingChallengeUITests;
				PRODUCT_NAME = "$(TARGET_NAME)";
				SWIFT_EMIT_LOC_STRINGS = NO;
				SWIFT_VERSION = 5.0;
				TARGETED_DEVICE_FAMILY = "1,2";
				TEST_TARGET_NAME = FetchCodingChallenge;
			};
			name = Release;
		};
/* End XCBuildConfiguration section */

/* Begin XCConfigurationList section */
		53FF81B92A2E4E3D0009D7FB /* Build configuration list for PBXProject "FetchCodingChallenge" */ = {
			isa = XCConfigurationList;
			buildConfigurations = (
				53FF81E02A2E4E400009D7FB /* Debug */,
				53FF81E12A2E4E400009D7FB /* Release */,
			);
			defaultConfigurationIsVisible = 0;
			defaultConfigurationName = Release;
		};
		53FF81E22A2E4E400009D7FB /* Build configuration list for PBXNativeTarget "FetchCodingChallenge" */ = {
			isa = XCConfigurationList;
			buildConfigurations = (
				53FF81E32A2E4E400009D7FB /* Debug */,
				53FF81E42A2E4E400009D7FB /* Release */,
			);
			defaultConfigurationIsVisible = 0;
			defaultConfigurationName = Release;
		};
		53FF81E52A2E4E400009D7FB /* Build configuration list for PBXNativeTarget "FetchCodingChallengeTests" */ = {
			isa = XCConfigurationList;
			buildConfigurations = (
				53FF81E62A2E4E400009D7FB /* Debug */,
				53FF81E72A2E4E400009D7FB /* Release */,
			);
			defaultConfigurationIsVisible = 0;
			defaultConfigurationName = Release;
		};
		53FF81E82A2E4E400009D7FB /* Build configuration list for PBXNativeTarget "FetchCodingChallengeUITests" */ = {
			isa = XCConfigurationList;
			buildConfigurations = (
				53FF81E92A2E4E400009D7FB /* Debug */,
				53FF81EA2A2E4E400009D7FB /* Release */,
			);
			defaultConfigurationIsVisible = 0;
			defaultConfigurationName = Release;
		};
/* End XCConfigurationList section */
	};
	rootObject = 53FF81B62A2E4E3D0009D7FB /* Project object */;
}
